
Microsoft Visual Studio Solution File, Format Version 12.00
# Visual Studio Version 18
VisualStudioVersion = 18.4.11620.152
MinimumVisualStudioVersion = 10.0.40219.1
Project("{FAE04EC0-301F-11D3-BF4B-00C04F79EFBC}") = "SpawnDev.AsyncFileSystem", "SpawnDev.AsyncFileSystem\SpawnDev.AsyncFileSystem.csproj", "{1D338697-F23B-FF83-6CB0-6047E1A34F6D}"
EndProject
Project("{FAE04EC0-301F-11D3-BF4B-00C04F79EFBC}") = "SpawnDev.AsyncFileSystem.Demo", "SpawnDev.AsyncFileSystem.Demo\SpawnDev.AsyncFileSystem.Demo.csproj", "{2CD37F32-4F2D-47CD-ADA6-6220286FD49F}"
EndProject
Project("{2150E333-8FDC-42A3-9474-1A3956D46DE8}") = "Solution Items", "Solution Items", "{9C6D28A2-029F-4238-B74F-3B65E4CBB216}"
	ProjectSection(SolutionItems) = preProject
		.editorconfig = .editorconfig
	EndProjectSection
EndProject
Project("{FAE04EC0-301F-11D3-BF4B-00C04F79EFBC}") = "SpawnDev.AsyncFileSystem.Browser", "SpawnDev.AsyncFileSystem.Browser\SpawnDev.AsyncFileSystem.Browser.csproj", "{9C288104-1663-455A-95A3-9E66A83BCB1C}"
EndProject
Project("{FAE04EC0-301F-11D3-BF4B-00C04F79EFBC}") = "SpawnDev.AsyncFileSystem.DemoConsole", "SpawnDev.AsyncFileSystem.DemoConsole\SpawnDev.AsyncFileSystem.DemoConsole.csproj", "{19BCF326-105E-4A7F-A256-B811215AC35A}"
EndProject
Project("{FAE04EC0-301F-11D3-BF4B-00C04F79EFBC}") = "SpawnDev.AsyncFileSystem.Tests", "SpawnDev.AsyncFileSystem.Tests\SpawnDev.AsyncFileSystem.Tests.csproj", "{672C3121-AB4F-4B28-B055-30108F8C8064}"
EndProject
Global
	GlobalSection(SolutionConfigurationPlatforms) = preSolution
		Debug|Any CPU = Debug|Any CPU
		Debug|x64 = Debug|x64
		Debug|x86 = Debug|x86
		Release|Any CPU = Release|Any CPU
		Release|x64 = Release|x64
		Release|x86 = Release|x86
	EndGlobalSection
	GlobalSection(ProjectConfigurationPlatforms) = postSolution
		{1D338697-F23B-FF83-6CB0-6047E1A34F6D}.Debug|Any CPU.ActiveCfg = Debug|Any CPU
		{1D338697-F23B-FF83-6CB0-6047E1A34F6D}.Debug|Any CPU.Build.0 = Debug|Any CPU
		{1D338697-F23B-FF83-6CB0-6047E1A34F6D}.Debug|x64.ActiveCfg = Debug|Any CPU
		{1D338697-F23B-FF83-6CB0-6047E1A34F6D}.Debug|x64.Build.0 = Debug|Any CPU
		{1D338697-F23B-FF83-6CB0-6047E1A34F6D}.Debug|x86.ActiveCfg = Debug|Any CPU
		{1D338697-F23B-FF83-6CB0-6047E1A34F6D}.Debug|x86.Build.0 = Debug|Any CPU
		{1D338697-F23B-FF83-6CB0-6047E1A34F6D}.Release|Any CPU.ActiveCfg = Release|Any CPU
		{1D338697-F23B-FF83-6CB0-6047E1A34F6D}.Release|Any CPU.Build.0 = Release|Any CPU
		{1D338697-F23B-FF83-6CB0-6047E1A34F6D}.Release|x64.ActiveCfg = Release|Any CPU
		{1D338697-F23B-FF83-6CB0-6047E1A34F6D}.Release|x64.Build.0 = Release|Any CPU
		{1D338697-F23B-FF83-6CB0-6047E1A34F6D}.Release|x86.ActiveCfg = Release|Any CPU
		{1D338697-F23B-FF83-6CB0-6047E1A34F6D}.Release|x86.Build.0 = Release|Any CPU
		{2CD37F32-4F2D-47CD-ADA6-6220286FD49F}.Debug|Any CPU.ActiveCfg = Debug|Any CPU
		{2CD37F32-4F2D-47CD-ADA6-6220286FD49F}.Debug|Any CPU.Build.0 = Debug|Any CPU
		{2CD37F32-4F2D-47CD-ADA6-6220286FD49F}.Debug|x64.ActiveCfg = Debug|Any CPU
		{2CD37F32-4F2D-47CD-ADA6-6220286FD49F}.Debug|x64.Build.0 = Debug|Any CPU
		{2CD37F32-4F2D-47CD-ADA6-6220286FD49F}.Debug|x86.ActiveCfg = Debug|Any CPU
		{2CD37F32-4F2D-47CD-ADA6-6220286FD49F}.Debug|x86.Build.0 = Debug|Any CPU
		{2CD37F32-4F2D-47CD-ADA6-6220286FD49F}.Release|Any CPU.ActiveCfg = Release|Any CPU
		{2CD37F32-4F2D-47CD-ADA6-6220286FD49F}.Release|Any CPU.Build.0 = Release|Any CPU
		{2CD37F32-4F2D-47CD-ADA6-6220286FD49F}.Release|x64.ActiveCfg = Release|Any CPU
		{2CD37F32-4F2D-47CD-ADA6-6220286FD49F}.Release|x64.Build.0 = Release|Any CPU
		{2CD37F32-4F2D-47CD-ADA6-6220286FD49F}.Release|x86.ActiveCfg = Release|Any CPU
		{2CD37F32-4F2D-47CD-ADA6-6220286FD49F}.Release|x86.Build.0 = Release|Any CPU
		{9C288104-1663-455A-95A3-9E66A83BCB1C}.Debug|Any CPU.ActiveCfg = Debug|Any CPU
		{9C288104-1663-455A-95A3-9E66A83BCB1C}.Debug|Any CPU.Build.0 = Debug|Any CPU
		{9C288104-1663-455A-95A3-9E66A83BCB1C}.Debug|x64.ActiveCfg = Debug|Any CPU
		{9C288104-1663-455A-95A3-9E66A83BCB1C}.Debug|x64.Build.0 = Debug|Any CPU
		{9C288104-1663-455A-95A3-9E66A83BCB1C}.Debug|x86.ActiveCfg = Debug|Any CPU
		{9C288104-1663-455A-95A3-9E66A83BCB1C}.Debug|x86.Build.0 = Debug|Any CPU
		{9C288104-1663-455A-95A3-9E66A83BCB1C}.Release|Any CPU.ActiveCfg = Release|Any CPU
		{9C288104-1663-455A-95A3-9E66A83BCB1C}.Release|Any CPU.Build.0 = Release|Any CPU
		{9C288104-1663-455A-95A3-9E66A83BCB1C}.Release|x64.ActiveCfg = Release|Any CPU
		{9C288104-1663-455A-95A3-9E66A83BCB1C}.Release|x64.Build.0 = Release|Any CPU
		{9C288104-1663-455A-95A3-9E66A83BCB1C}.Release|x86.ActiveCfg = Release|Any CPU
		{9C288104-1663-455A-95A3-9E66A83BCB1C}.Release|x86.Build.0 = Release|Any CPU
		{19BCF326-105E-4A7F-A256-B811215AC35A}.Debug|Any CPU.ActiveCfg = Debug|Any CPU
		{19BCF326-105E-4A7F-A256-B811215AC35A}.Debug|Any CPU.Build.0 = Debug|Any CPU
		{19BCF326-105E-4A7F-A256-B811215AC35A}.Debug|x64.ActiveCfg = Debug|Any CPU
		{19BCF326-105E-4A7F-A256-B811215AC35A}.Debug|x64.Build.0 = Debug|Any CPU
		{19BCF326-105E-4A7F-A256-B811215AC35A}.Debug|x86.ActiveCfg = Debug|Any CPU
		{19BCF326-105E-4A7F-A256-B811215AC35A}.Debug|x86.Build.0 = Debug|Any CPU
		{19BCF326-105E-4A7F-A256-B811215AC35A}.Release|Any CPU.ActiveCfg = Release|Any CPU
		{19BCF326-105E-4A7F-A256-B811215AC35A}.Release|Any CPU.Build.0 = Release|Any CPU
		{19BCF326-105E-4A7F-A256-B811215AC35A}.Release|x64.ActiveCfg = Release|Any CPU
		{19BCF326-105E-4A7F-A256-B811215AC35A}.Release|x64.Build.0 = Release|Any CPU
		{19BCF326-105E-4A7F-A256-B811215AC35A}.Release|x86.ActiveCfg = Release|Any CPU
		{19BCF326-105E-4A7F-A256-B811215AC35A}.Release|x86.Build.0 = Release|Any CPU
		{672C3121-AB4F-4B28-B055-30108F8C8064}.Debug|Any CPU.ActiveCfg = Debug|Any CPU
		{672C3121-AB4F-4B28-B055-30108F8C8064}.Debug|Any CPU.Build.0 = Debug|Any CPU
		{672C3121-AB4F-4B28-B055-30108F8C8064}.Debug|x64.ActiveCfg = Debug|Any CPU
		{672C3121-AB4F-4B28-B055-30108F8C8064}.Debug|x64.Build.0 = Debug|Any CPU
		{672C3121-AB4F-4B28-B055-30108F8C8064}.Debug|x86.ActiveCfg = Debug|Any CPU
		{672C3121-AB4F-4B28-B055-30108F8C8064}.Debug|x86.Build.0 = Debug|Any CPU
		{672C3121-AB4F-4B28-B055-30108F8C8064}.Release|Any CPU.ActiveCfg = Release|Any CPU
		{672C3121-AB4F-4B28-B055-30108F8C8064}.Release|Any CPU.Build.0 = Release|Any CPU
		{672C3121-AB4F-4B28-B055-30108F8C8064}.Release|x64.ActiveCfg = Release|Any CPU
		{672C3121-AB4F-4B28-B055-30108F8C8064}.Release|x64.Build.0 = Release|Any CPU
		{672C3121-AB4F-4B28-B055-30108F8C8064}.Release|x86.ActiveCfg = Release|Any CPU
		{672C3121-AB4F-4B28-B055-30108F8C8064}.Release|x86.Build.0 = Release|Any CPU
	EndGlobalSection
	GlobalSection(SolutionProperties) = preSolution
		HideSolutionNode = FALSE
	EndGlobalSection
	GlobalSection(ExtensibilityGlobals) = postSolution
		SolutionGuid = {ABC5E591-9E32-4734-B38B-4C9524BCED22}
	EndGlobalSection
EndGlobal
